<?xml version="1.0" encoding="utf-8"?>
<Project ToolsVersion="4.0" xmlns="http://schemas.microsoft.com/developer/msbuild/2003">
  <ItemGroup>
    <Filter Include="Source Files">
      <UniqueIdentifier>{4FC737F1-C7A5-4376-A066-2A32D752A2FF}</UniqueIdentifier>
      <Extensions>cpp;c;cc;cxx;def;odl;idl;hpj;bat;asm;asmx</Extensions>
    </Filter>
  </ItemGroup>
  <ItemGroup>
    <None Include="packages.config" />
  </ItemGroup>
  <ItemGroup>
    <ClCompile Include="glad\glad.c">
      <Filter>Source Files</Filter>
    </ClCompile>
    <ClCompile Include="main.cpp">
      <Filter>Source Files</Filter>
    </ClCompile>
    <ClCompile Include="Random.cpp">
      <Filter>Source Files</Filter>
    </ClCompile>
    <ClCompile Include="Shader.cpp">
      <Filter>Source Files</Filter>
    </ClCompile>
    <ClCompile Include="Util.cpp">
      <Filter>Source Files</Filter>
    </ClCompile>
    <ClCompile Include="Stone.cpp">
      <Filter>Source Files</Filter>
    </ClCompile>
    <ClCompile Include="Game.cpp">
      <Filter>Source Files</Filter>
    </ClCompile>
  </ItemGroup>
  <ItemGroup>
    <ClInclude Include="glad\glad.h">
      <Filter>Source Files</Filter>
    </ClInclude>
    <ClInclude Include="GLFW\glfw3.h">
      <Filter>Source Files</Filter>
    </ClInclude>
    <ClInclude Include="GLFW\glfw3native.h">
      <Filter>Source Files</Filter>
    </ClInclude>
    <ClInclude Include="Input.h">
      <Filter>Source Files</Filter>
    </ClInclude>
    <ClInclude Include="glad\khrplatform.h">
      <Filter>Source Files</Filter>
    </ClInclude>
    <ClInclude Include="linmath.h">
      <Filter>Source Files</Filter>
    </ClInclude>
    <ClInclude Include="Loader.h">
      <Filter>Source Files</Filter>
    </ClInclude>
    <ClInclude Include="NumDisp.h">
      <Filter>Source Files</Filter>
    </ClInclude>
    <ClInclude Include="NumTex.h">
      <Filter>Source Files</Filter>
    </ClInclude>
    <ClInclude Include="Random.h">
      <Filter>Source Files</Filter>
    </ClInclude>
    <ClInclude Include="Shader.h">
      <Filter>Source Files</Filter>
    </ClInclude>
    <ClInclude Include="Sprite.h">
      <Filter>Source Files</Filter>
    </ClInclude>
    <ClInclude Include="Util.h">
      <Filter>Source Files</Filter>
    </ClInclude>
    <ClInclude Include="Vec2.h">
      <Filter>Source Files</Filter>
    </ClInclude>
    <ClInclude Include="Vec4.h">
      <Filter>Source Files</Filter>
    </ClInclude>
    <ClInclude Include="Def.h">
      <Filter>Source Files</Filter>
    </ClInclude>
    <ClInclude Include="Stone.h">
      <Filter>Source Files</Filter>
    </ClInclude>
    <ClInclude Include="Game.h">
      <Filter>Source Files</Filter>
    </ClInclude>
  </ItemGroup>
</Project>